
Microsoft Visual Studio Solution File, Format Version 12.00
# Visual Studio 2012
Project("{FAE04EC0-301F-11D3-BF4B-00C04F79EFBC}") = "Monocle", "Monocle\Monocle.csproj", "{25D1847C-BCB0-4D6F-BBA5-CD1DC9B8D295}"
EndProject
Global
	GlobalSection(SolutionConfigurationPlatforms) = preSolution
		Debug|x86 = Debug|x86
		Release|x86 = Release|x86
	EndGlobalSection
	GlobalSection(ProjectConfigurationPlatforms) = postSolution
		{25D1847C-BCB0-4D6F-BBA5-CD1DC9B8D295}.Debug|x86.ActiveCfg = Debug|x86
		{25D1847C-BCB0-4D6F-BBA5-CD1DC9B8D295}.Debug|x86.Build.0 = Debug|x86
		{25D1847C-BCB0-4D6F-BBA5-CD1DC9B8D295}.Release|x86.ActiveCfg = Release|x86
		{25D1847C-BCB0-4D6F-BBA5-CD1DC9B8D295}.Release|x86.Build.0 = Release|x86
	EndGlobalSection
	GlobalSection(SolutionProperties) = preSolution
		HideSolutionNode = FALSE
	EndGlobalSection
EndGlobal
