
Microsoft Visual Studio Solution File, Format Version 12.00
# Visual Studio 14
VisualStudioVersion = 14.0.25123.0
MinimumVisualStudioVersion = 10.0.40219.1
Project("{FAE04EC0-301F-11D3-BF4B-00C04F79EFBC}") = "Monocle.FNA", "Monocle\Monocle.FNA.csproj", "{6EC3C0A6-C5BE-42CE-AEA5-881D8A97EB60}"
EndProject
Project("{FAE04EC0-301F-11D3-BF4B-00C04F79EFBC}") = "FNA", "..\FNA\FNA.csproj", "{35253CE1-C864-4CD3-8249-4D1319748E8F}"
EndProject
Global
	GlobalSection(SolutionConfigurationPlatforms) = preSolution
		Debug|Any CPU = Debug|Any CPU
		Debug|x86 = Debug|x86
		Release|Any CPU = Release|Any CPU
		Release|x86 = Release|x86
	EndGlobalSection
	GlobalSection(ProjectConfigurationPlatforms) = postSolution
		{6EC3C0A6-C5BE-42CE-AEA5-881D8A97EB60}.Debug|Any CPU.ActiveCfg = Debug|Any CPU
		{6EC3C0A6-C5BE-42CE-AEA5-881D8A97EB60}.Debug|Any CPU.Build.0 = Debug|Any CPU
		{6EC3C0A6-C5BE-42CE-AEA5-881D8A97EB60}.Debug|x86.ActiveCfg = Debug|Any CPU
		{6EC3C0A6-C5BE-42CE-AEA5-881D8A97EB60}.Debug|x86.Build.0 = Debug|Any CPU
		{6EC3C0A6-C5BE-42CE-AEA5-881D8A97EB60}.Release|Any CPU.ActiveCfg = Release|Any CPU
		{6EC3C0A6-C5BE-42CE-AEA5-881D8A97EB60}.Release|Any CPU.Build.0 = Release|Any CPU
		{6EC3C0A6-C5BE-42CE-AEA5-881D8A97EB60}.Release|x86.ActiveCfg = Release|Any CPU
		{6EC3C0A6-C5BE-42CE-AEA5-881D8A97EB60}.Release|x86.Build.0 = Release|Any CPU
		{35253CE1-C864-4CD3-8249-4D1319748E8F}.Debug|Any CPU.ActiveCfg = Debug|x86
		{35253CE1-C864-4CD3-8249-4D1319748E8F}.Debug|x86.ActiveCfg = Debug|x86
		{35253CE1-C864-4CD3-8249-4D1319748E8F}.Debug|x86.Build.0 = Debug|x86
		{35253CE1-C864-4CD3-8249-4D1319748E8F}.Release|Any CPU.ActiveCfg = Release|x86
		{35253CE1-C864-4CD3-8249-4D1319748E8F}.Release|x86.ActiveCfg = Release|x86
		{35253CE1-C864-4CD3-8249-4D1319748E8F}.Release|x86.Build.0 = Release|x86
	EndGlobalSection
	GlobalSection(SolutionProperties) = preSolution
		HideSolutionNode = FALSE
	EndGlobalSection
EndGlobal
